
Microsoft Visual Studio Solution File, Format Version 12.00
# Visual Studio Version 17
VisualStudioVersion = 17.12.35707.178
MinimumVisualStudioVersion = 10.0.40219.1
Project("{2150E333-8FDC-42A3-9474-1A3956D46DE8}") = "Src", "Src", "{08C9D9CE-3277-4F17-85A8-2330C18EE760}"
EndProject
Project("{2150E333-8FDC-42A3-9474-1A3956D46DE8}") = "Docs", "Docs", "{AD5BC4C8-F8B7-4E5E-8060-04E10CC5D664}"
	ProjectSection(SolutionItems) = preProject
		README.md = README.md
	EndProjectSection
EndProject
Project("{2150E333-8FDC-42A3-9474-1A3956D46DE8}") = "Test", "Test", "{3820B65B-475B-45F3-8E69-C360E338586A}"
EndProject
Project("{2150E333-8FDC-42A3-9474-1A3956D46DE8}") = "01-Presentation", "01-Presentation", "{20789911-F057-4FDD-9AE1-10B2CD9CF235}"
EndProject
Project("{2150E333-8FDC-42A3-9474-1A3956D46DE8}") = "02-Services", "02-Services", "{DC697273-3D83-4C35-A1BE-DE5073FDAB79}"
EndProject
Project("{2150E333-8FDC-42A3-9474-1A3956D46DE8}") = "03-Infrastructures", "03-Infrastructures", "{461FD071-3D9B-478A-875D-84C12375FB4E}"
EndProject
Project("{2150E333-8FDC-42A3-9474-1A3956D46DE8}") = "04-Domains", "04-Domains", "{6D56E8A6-A5D5-4386-B09D-0DAF604E6DBB}"
EndProject
Project("{FAE04EC0-301F-11D3-BF4B-00C04F79EFBC}") = "Domain", "Domain\Domain.csproj", "{59F2419D-315E-4A31-B18C-349C14ECB520}"
EndProject
Project("{FAE04EC0-301F-11D3-BF4B-00C04F79EFBC}") = "Infrastructure", "Infrastructure\Infrastructure.csproj", "{27559D1F-0972-46E1-9732-DCF2F7C19C7B}"
EndProject
Project("{FAE04EC0-301F-11D3-BF4B-00C04F79EFBC}") = "Persistence", "Persistence\Persistence.csproj", "{39F7AC90-9FDB-4BD6-ACD9-D3CC4E56934D}"
EndProject
Project("{FAE04EC0-301F-11D3-BF4B-00C04F79EFBC}") = "AdminPanel.Endpoint", "AdminPanel.Endpoint\AdminPanel.Endpoint.csproj", "{9C04891A-A85C-43D3-8D4A-FA7FDD289A46}"
EndProject
Project("{2150E333-8FDC-42A3-9474-1A3956D46DE8}") = "ApplicationService", "ApplicationService", "{1E2C2623-0AB6-49B1-8B54-A18B512B5547}"
EndProject
Project("{FAE04EC0-301F-11D3-BF4B-00C04F79EFBC}") = "ApplicationService", "ApplicationService.User\ApplicationService.csproj", "{19A3AEFE-EC23-42D3-BD9C-DCD86EAA1DFE}"
EndProject
Global
	GlobalSection(SolutionConfigurationPlatforms) = preSolution
		Debug|Any CPU = Debug|Any CPU
		Release|Any CPU = Release|Any CPU
	EndGlobalSection
	GlobalSection(ProjectConfigurationPlatforms) = postSolution
		{59F2419D-315E-4A31-B18C-349C14ECB520}.Debug|Any CPU.ActiveCfg = Debug|Any CPU
		{59F2419D-315E-4A31-B18C-349C14ECB520}.Debug|Any CPU.Build.0 = Debug|Any CPU
		{59F2419D-315E-4A31-B18C-349C14ECB520}.Release|Any CPU.ActiveCfg = Release|Any CPU
		{59F2419D-315E-4A31-B18C-349C14ECB520}.Release|Any CPU.Build.0 = Release|Any CPU
		{27559D1F-0972-46E1-9732-DCF2F7C19C7B}.Debug|Any CPU.ActiveCfg = Debug|Any CPU
		{27559D1F-0972-46E1-9732-DCF2F7C19C7B}.Debug|Any CPU.Build.0 = Debug|Any CPU
		{27559D1F-0972-46E1-9732-DCF2F7C19C7B}.Release|Any CPU.ActiveCfg = Release|Any CPU
		{27559D1F-0972-46E1-9732-DCF2F7C19C7B}.Release|Any CPU.Build.0 = Release|Any CPU
		{39F7AC90-9FDB-4BD6-ACD9-D3CC4E56934D}.Debug|Any CPU.ActiveCfg = Debug|Any CPU
		{39F7AC90-9FDB-4BD6-ACD9-D3CC4E56934D}.Debug|Any CPU.Build.0 = Debug|Any CPU
		{39F7AC90-9FDB-4BD6-ACD9-D3CC4E56934D}.Release|Any CPU.ActiveCfg = Release|Any CPU
		{39F7AC90-9FDB-4BD6-ACD9-D3CC4E56934D}.Release|Any CPU.Build.0 = Release|Any CPU
		{9C04891A-A85C-43D3-8D4A-FA7FDD289A46}.Debug|Any CPU.ActiveCfg = Debug|Any CPU
		{9C04891A-A85C-43D3-8D4A-FA7FDD289A46}.Debug|Any CPU.Build.0 = Debug|Any CPU
		{9C04891A-A85C-43D3-8D4A-FA7FDD289A46}.Release|Any CPU.ActiveCfg = Release|Any CPU
		{9C04891A-A85C-43D3-8D4A-FA7FDD289A46}.Release|Any CPU.Build.0 = Release|Any CPU
		{19A3AEFE-EC23-42D3-BD9C-DCD86EAA1DFE}.Debug|Any CPU.ActiveCfg = Debug|Any CPU
		{19A3AEFE-EC23-42D3-BD9C-DCD86EAA1DFE}.Debug|Any CPU.Build.0 = Debug|Any CPU
		{19A3AEFE-EC23-42D3-BD9C-DCD86EAA1DFE}.Release|Any CPU.ActiveCfg = Release|Any CPU
		{19A3AEFE-EC23-42D3-BD9C-DCD86EAA1DFE}.Release|Any CPU.Build.0 = Release|Any CPU
	EndGlobalSection
	GlobalSection(SolutionProperties) = preSolution
		HideSolutionNode = FALSE
	EndGlobalSection
	GlobalSection(NestedProjects) = preSolution
		{20789911-F057-4FDD-9AE1-10B2CD9CF235} = {08C9D9CE-3277-4F17-85A8-2330C18EE760}
		{DC697273-3D83-4C35-A1BE-DE5073FDAB79} = {08C9D9CE-3277-4F17-85A8-2330C18EE760}
		{461FD071-3D9B-478A-875D-84C12375FB4E} = {08C9D9CE-3277-4F17-85A8-2330C18EE760}
		{6D56E8A6-A5D5-4386-B09D-0DAF604E6DBB} = {08C9D9CE-3277-4F17-85A8-2330C18EE760}
		{59F2419D-315E-4A31-B18C-349C14ECB520} = {6D56E8A6-A5D5-4386-B09D-0DAF604E6DBB}
		{27559D1F-0972-46E1-9732-DCF2F7C19C7B} = {461FD071-3D9B-478A-875D-84C12375FB4E}
		{39F7AC90-9FDB-4BD6-ACD9-D3CC4E56934D} = {461FD071-3D9B-478A-875D-84C12375FB4E}
		{9C04891A-A85C-43D3-8D4A-FA7FDD289A46} = {20789911-F057-4FDD-9AE1-10B2CD9CF235}
		{1E2C2623-0AB6-49B1-8B54-A18B512B5547} = {DC697273-3D83-4C35-A1BE-DE5073FDAB79}
		{19A3AEFE-EC23-42D3-BD9C-DCD86EAA1DFE} = {1E2C2623-0AB6-49B1-8B54-A18B512B5547}
	EndGlobalSection
EndGlobal
